
Microsoft Visual Studio Solution File, Format Version 12.00
# Visual Studio Version 17
VisualStudioVersion = 17.14.36121.58 d17.14
MinimumVisualStudioVersion = 10.0.40219.1
Project("{FAE04EC0-301F-11D3-BF4B-00C04F79EFBC}") = "EventTicketing", "EventTicketing\EventTicketing.csproj", "{8468625A-C3BB-4F7A-90E1-17BB7C114C30}"
EndProject
Project("{FAE04EC0-301F-11D3-BF4B-00C04F79EFBC}") = "EventTicketing.Tests", "EventTicketing.Tests\EventTicketing.Tests.csproj", "{975558E0-7E96-4E5B-B705-A35487D02475}"
EndProject
Global
	GlobalSection(SolutionConfigurationPlatforms) = preSolution
		Debug|Any CPU = Debug|Any CPU
		Release|Any CPU = Release|Any CPU
	EndGlobalSection
	GlobalSection(ProjectConfigurationPlatforms) = postSolution
		{8468625A-C3BB-4F7A-90E1-17BB7C114C30}.Debug|Any CPU.ActiveCfg = Debug|Any CPU
		{8468625A-C3BB-4F7A-90E1-17BB7C114C30}.Debug|Any CPU.Build.0 = Debug|Any CPU
		{8468625A-C3BB-4F7A-90E1-17BB7C114C30}.Release|Any CPU.ActiveCfg = Release|Any CPU
		{8468625A-C3BB-4F7A-90E1-17BB7C114C30}.Release|Any CPU.Build.0 = Release|Any CPU
		{975558E0-7E96-4E5B-B705-A35487D02475}.Debug|Any CPU.ActiveCfg = Debug|Any CPU
		{975558E0-7E96-4E5B-B705-A35487D02475}.Debug|Any CPU.Build.0 = Debug|Any CPU
		{975558E0-7E96-4E5B-B705-A35487D02475}.Release|Any CPU.ActiveCfg = Release|Any CPU
		{975558E0-7E96-4E5B-B705-A35487D02475}.Release|Any CPU.Build.0 = Release|Any CPU
	EndGlobalSection
	GlobalSection(SolutionProperties) = preSolution
		HideSolutionNode = FALSE
	EndGlobalSection
	GlobalSection(ExtensibilityGlobals) = postSolution
		SolutionGuid = {FE6A83D0-0EAC-4AB3-90EE-CF66C003A20B}
	EndGlobalSection
EndGlobal
